// !$*UTF8*$!
{
	archiveVersion = 1;
	classes = {
	};
	objectVersion = 55;
	objects = {

/* Begin PBXBuildFile section */
		69C066D52732C08E00ADBEBD /* AppDelegate.swift in Sources */ = {isa = PBXBuildFile; fileRef = 69C066D42732C08E00ADBEBD /* AppDelegate.swift */; };
		69C066D92732C08E00ADBEBD /* ViewController.swift in Sources */ = {isa = PBXBuildFile; fileRef = 69C066D82732C08E00ADBEBD /* ViewController.swift */; };
		69C066DF2732C08E00ADBEBD /* Elephant.xcdatamodeld in Sources */ = {isa = PBXBuildFile; fileRef = 69C066DD2732C08E00ADBEBD /* Elephant.xcdatamodeld */; };
		69C066E12732C09300ADBEBD /* Assets.xcassets in Resources */ = {isa = PBXBuildFile; fileRef = 69C066E02732C09300ADBEBD /* Assets.xcassets */; };
		69C066E42732C09300ADBEBD /* LaunchScreen.storyboard in Resources */ = {isa = PBXBuildFile; fileRef = 69C066E22732C09300ADBEBD /* LaunchScreen.storyboard */; };
		69C066EF2732C09300ADBEBD /* ElephantTests.swift in Sources */ = {isa = PBXBuildFile; fileRef = 69C066EE2732C09300ADBEBD /* ElephantTests.swift */; };
		69C066F92732C09300ADBEBD /* ElephantUITests.swift in Sources */ = {isa = PBXBuildFile; fileRef = 69C066F82732C09300ADBEBD /* ElephantUITests.swift */; };
		69C066FB2732C09300ADBEBD /* ElephantUITestsLaunchTests.swift in Sources */ = {isa = PBXBuildFile; fileRef = 69C066FA2732C09300ADBEBD /* ElephantUITestsLaunchTests.swift */; };
/* End PBXBuildFile section */

/* Begin PBXContainerItemProxy section */
		69C066EB2732C09300ADBEBD /* PBXContainerItemProxy */ = {
			isa = PBXContainerItemProxy;
			containerPortal = 69C066C92732C08E00ADBEBD /* Project object */;
			proxyType = 1;
			remoteGlobalIDString = 69C066D02732C08E00ADBEBD;
			remoteInfo = Elephant;
		};
		69C066F52732C09300ADBEBD /* PBXContainerItemProxy */ = {
			isa = PBXContainerItemProxy;
			containerPortal = 69C066C92732C08E00ADBEBD /* Project object */;
			proxyType = 1;
			remoteGlobalIDString = 69C066D02732C08E00ADBEBD;
			remoteInfo = Elephant;
		};
/* End PBXContainerItemProxy section */

/* Begin PBXFileReference section */
		69C066D12732C08E00ADBEBD /* Elephant.app */ = {isa = PBXFileReference; explicitFileType = wrapper.application; includeInIndex = 0; path = Elephant.app; sourceTree = BUILT_PRODUCTS_DIR; };
		69C066D42732C08E00ADBEBD /* AppDelegate.swift */ = {isa = PBXFileReference; lastKnownFileType = sourcecode.swift; path = AppDelegate.swift; sourceTree = "<group>"; };
		69C066D82732C08E00ADBEBD /* ViewController.swift */ = {isa = PBXFileReference; lastKnownFileType = sourcecode.swift; path = ViewController.swift; sourceTree = "<group>"; };
		69C066DE2732C08E00ADBEBD /* Elephant.xcdatamodel */ = {isa = PBXFileReference; lastKnownFileType = wrapper.xcdatamodel; path = Elephant.xcdatamodel; sourceTree = "<group>"; };
		69C066E02732C09300ADBEBD /* Assets.xcassets */ = {isa = PBXFileReference; lastKnownFileType = folder.assetcatalog; path = Assets.xcassets; sourceTree = "<group>"; };
		69C066E32732C09300ADBEBD /* Base */ = {isa = PBXFileReference; lastKnownFileType = file.storyboard; name = Base; path = Base.lproj/LaunchScreen.storyboard; sourceTree = "<group>"; };
		69C066E52732C09300ADBEBD /* Info.plist */ = {isa = PBXFileReference; lastKnownFileType = text.plist.xml; path = Info.plist; sourceTree = "<group>"; };
		69C066EA2732C09300ADBEBD /* ElephantTests.xctest */ = {isa = PBXFileReference; explicitFileType = wrapper.cfbundle; includeInIndex = 0; path = ElephantTests.xctest; sourceTree = BUILT_PRODUCTS_DIR; };
		69C066EE2732C09300ADBEBD /* ElephantTests.swift */ = {isa = PBXFileReference; lastKnownFileType = sourcecode.swift; path = ElephantTests.swift; sourceTree = "<group>"; };
		69C066F42732C09300ADBEBD /* ElephantUITests.xctest */ = {isa = PBXFileReference; explicitFileType = wrapper.cfbundle; includeInIndex = 0; path = ElephantUITests.xctest; sourceTree = BUILT_PRODUCTS_DIR; };
		69C066F82732C09300ADBEBD /* ElephantUITests.swift */ = {isa = PBXFileReference; lastKnownFileType = sourcecode.swift; path = ElephantUITests.swift; sourceTree = "<group>"; };
		69C066FA2732C09300ADBEBD /* ElephantUITestsLaunchTests.swift */ = {isa = PBXFileReference; lastKnownFileType = sourcecode.swift; path = ElephantUITestsLaunchTests.swift; sourceTree = "<group>"; };
/* End PBXFileReference section */

/* Begin PBXFrameworksBuildPhase section */
		69C066CE2732C08E00ADBEBD /* Frameworks */ = {
			isa = PBXFrameworksBuildPhase;
			buildActionMask = 2147483647;
			files = (
			);
			runOnlyForDeploymentPostprocessing = 0;
		};
		69C066E72732C09300ADBEBD /* Frameworks */ = {
			isa = PBXFrameworksBuildPhase;
			buildActionMask = 2147483647;
			files = (
			);
			runOnlyForDeploymentPostprocessing = 0;
		};
		69C066F12732C09300ADBEBD /* Frameworks */ = {
			isa = PBXFrameworksBuildPhase;
			buildActionMask = 2147483647;
			files = (
			);
			runOnlyForDeploymentPostprocessing = 0;
		};
/* End PBXFrameworksBuildPhase section */

/* Begin PBXGroup section */
		69C066C82732C08E00ADBEBD = {
			isa = PBXGroup;
			children = (
				69C066D32732C08E00ADBEBD /* Elephant */,
				69C066ED2732C09300ADBEBD /* ElephantTests */,
				69C066F72732C09300ADBEBD /* ElephantUITests */,
				69C066D22732C08E00ADBEBD /* Products */,
			);
			sourceTree = "<group>";
		};
		69C066D22732C08E00ADBEBD /* Products */ = {
			isa = PBXGroup;
			children = (
				69C066D12732C08E00ADBEBD /* Elephant.app */,
				69C066EA2732C09300ADBEBD /* ElephantTests.xctest */,
				69C066F42732C09300ADBEBD /* ElephantUITests.xctest */,
			);
			name = Products;
			sourceTree = "<group>";
		};
		69C066D32732C08E00ADBEBD /* Elephant */ = {
			isa = PBXGroup;
			children = (
				69C066D42732C08E00ADBEBD /* AppDelegate.swift */,
				69C066D82732C08E00ADBEBD /* ViewController.swift */,
				69C066E02732C09300ADBEBD /* Assets.xcassets */,
				69C066E22732C09300ADBEBD /* LaunchScreen.storyboard */,
				69C066E52732C09300ADBEBD /* Info.plist */,
				69C066DD2732C08E00ADBEBD /* Elephant.xcdatamodeld */,
			);
			path = Elephant;
			sourceTree = "<group>";
		};
		69C066ED2732C09300ADBEBD /* ElephantTests */ = {
			isa = PBXGroup;
			children = (
				69C066EE2732C09300ADBEBD /* ElephantTests.swift */,
			);
			path = ElephantTests;
			sourceTree = "<group>";
		};
		69C066F72732C09300ADBEBD /* ElephantUITests */ = {
			isa = PBXGroup;
			children = (
				69C066F82732C09300ADBEBD /* ElephantUITests.swift */,
				69C066FA2732C09300ADBEBD /* ElephantUITestsLaunchTests.swift */,
			);
			path = ElephantUITests;
			sourceTree = "<group>";
		};
/* End PBXGroup section */

/* Begin PBXNativeTarget section */
		69C066D02732C08E00ADBEBD /* Elephant */ = {
			isa = PBXNativeTarget;
			buildConfigurationList = 69C066FE2732C09300ADBEBD /* Build configuration list for PBXNativeTarget "Elephant" */;
			buildPhases = (
				69C066CD2732C08E00ADBEBD /* Sources */,
				69C066CE2732C08E00ADBEBD /* Frameworks */,
				69C066CF2732C08E00ADBEBD /* Resources */,
			);
			buildRules = (
			);
			dependencies = (
			);
			name = Elephant;
			productName = Elephant;
			productReference = 69C066D12732C08E00ADBEBD /* Elephant.app */;
			productType = "com.apple.product-type.application";
		};
		69C066E92732C09300ADBEBD /* ElephantTests */ = {
			isa = PBXNativeTarget;
			buildConfigurationList = 69C067012732C09300ADBEBD /* Build configuration list for PBXNativeTarget "ElephantTests" */;
			buildPhases = (
				69C066E62732C09300ADBEBD /* Sources */,
				69C066E72732C09300ADBEBD /* Frameworks */,
				69C066E82732C09300ADBEBD /* Resources */,
			);
			buildRules = (
			);
			dependencies = (
				69C066EC2732C09300ADBEBD /* PBXTargetDependency */,
			);
			name = ElephantTests;
			productName = ElephantTests;
			productReference = 69C066EA2732C09300ADBEBD /* ElephantTests.xctest */;
			productType = "com.apple.product-type.bundle.unit-test";
		};
		69C066F32732C09300ADBEBD /* ElephantUITests */ = {
			isa = PBXNativeTarget;
			buildConfigurationList = 69C067042732C09300ADBEBD /* Build configuration list for PBXNativeTarget "ElephantUITests" */;
			buildPhases = (
				69C066F02732C09300ADBEBD /* Sources */,
				69C066F12732C09300ADBEBD /* Frameworks */,
				69C066F22732C09300ADBEBD /* Resources */,
			);
			buildRules = (
			);
			dependencies = (
				69C066F62732C09300ADBEBD /* PBXTargetDependency */,
			);
			name = ElephantUITests;
			productName = ElephantUITests;
			productReference = 69C066F42732C09300ADBEBD /* ElephantUITests.xctest */;
			productType = "com.apple.product-type.bundle.ui-testing";
		};
/* End PBXNativeTarget section */

/* Begin PBXProject section */
		69C066C92732C08E00ADBEBD /* Project object */ = {
			isa = PBXProject;
			attributes = {
				BuildIndependentTargetsInParallel = 1;
				LastSwiftUpdateCheck = 1310;
				LastUpgradeCheck = 1310;
				TargetAttributes = {
					69C066D02732C08E00ADBEBD = {
						CreatedOnToolsVersion = 13.1;
					};
					69C066E92732C09300ADBEBD = {
						CreatedOnToolsVersion = 13.1;
						TestTargetID = 69C066D02732C08E00ADBEBD;
					};
					69C066F32732C09300ADBEBD = {
						CreatedOnToolsVersion = 13.1;
						TestTargetID = 69C066D02732C08E00ADBEBD;
					};
				};
			};
			buildConfigurationList = 69C066CC2732C08E00ADBEBD /* Build configuration list for PBXProject "Elephant" */;
			compatibilityVersion = "Xcode 13.0";
			developmentRegion = en;
			hasScannedForEncodings = 0;
			knownRegions = (
				en,
				Base,
			);
			mainGroup = 69C066C82732C08E00ADBEBD;
			productRefGroup = 69C066D22732C08E00ADBEBD /* Products */;
			projectDirPath = "";
			projectRoot = "";
			targets = (
				69C066D02732C08E00ADBEBD /* Elephant */,
				69C066E92732C09300ADBEBD /* ElephantTests */,
				69C066F32732C09300ADBEBD /* ElephantUITests */,
			);
		};
/* End PBXProject section */

/* Begin PBXResourcesBuildPhase section */
		69C066CF2732C08E00ADBEBD /* Resources */ = {
			isa = PBXResourcesBuildPhase;
			buildActionMask = 2147483647;
			files = (
				69C066E42732C09300ADBEBD /* LaunchScreen.storyboard in Resources */,
				69C066E12732C09300ADBEBD /* Assets.xcassets in Resources */,
			);
			runOnlyForDeploymentPostprocessing = 0;
		};
		69C066E82732C09300ADBEBD /* Resources */ = {
			isa = PBXResourcesBuildPhase;
			buildActionMask = 2147483647;
			files = (
			);
			runOnlyForDeploymentPostprocessing = 0;
		};
		69C066F22732C09300ADBEBD /* Resources */ = {
			isa = PBXResourcesBuildPhase;
			buildActionMask = 2147483647;
			files = (
			);
			runOnlyForDeploymentPostprocessing = 0;
		};
/* End PBXResourcesBuildPhase section */

/* Begin PBXSourcesBuildPhase section */
		69C066CD2732C08E00ADBEBD /* Sources */ = {
			isa = PBXSourcesBuildPhase;
			buildActionMask = 2147483647;
			files = (
				69C066D92732C08E00ADBEBD /* ViewController.swift in Sources */,
				69C066D52732C08E00ADBEBD /* AppDelegate.swift in Sources */,
				69C066DF2732C08E00ADBEBD /* Elephant.xcdatamodeld in Sources */,
			);
			runOnlyForDeploymentPostprocessing = 0;
		};
		69C066E62732C09300ADBEBD /* Sources */ = {
			isa = PBXSourcesBuildPhase;
			buildActionMask = 2147483647;
			files = (
				69C066EF2732C09300ADBEBD /* ElephantTests.swift in Sources */,
			);
			runOnlyForDeploymentPostprocessing = 0;
		};
		69C066F02732C09300ADBEBD /* Sources */ = {
			isa = PBXSourcesBuildPhase;
			buildActionMask = 2147483647;
			files = (
				69C066FB2732C09300ADBEBD /* ElephantUITestsLaunchTests.swift in Sources */,
				69C066F92732C09300ADBEBD /* ElephantUITests.swift in Sources */,
			);
			runOnlyForDeploymentPostprocessing = 0;
		};
/* End PBXSourcesBuildPhase section */

/* Begin PBXTargetDependency section */
		69C066EC2732C09300ADBEBD /* PBXTargetDependency */ = {
			isa = PBXTargetDependency;
			target = 69C066D02732C08E00ADBEBD /* Elephant */;
			targetProxy = 69C066EB2732C09300ADBEBD /* PBXContainerItemProxy */;
		};
		69C066F62732C09300ADBEBD /* PBXTargetDependency */ = {
			isa = PBXTargetDependency;
			target = 69C066D02732C08E00ADBEBD /* Elephant */;
			targetProxy = 69C066F52732C09300ADBEBD /* PBXContainerItemProxy */;
		};
/* End PBXTargetDependency section */

/* Begin PBXVariantGroup section */
		69C066E22732C09300ADBEBD /* LaunchScreen.storyboard */ = {
			isa = PBXVariantGroup;
			children = (
				69C066E32732C09300ADBEBD /* Base */,
			);
			name = LaunchScreen.storyboard;
			sourceTree = "<group>";
		};
/* End PBXVariantGroup section */

/* Begin XCBuildConfiguration section */
		69C066FC2732C09300ADBEBD /* Debug */ = {
			isa = XCBuildConfiguration;
			buildSettings = {
				ALWAYS_SEARCH_USER_PATHS = NO;
				CLANG_ANALYZER_NONNULL = YES;
				CLANG_ANALYZER_NUMBER_OBJECT_CONVERSION = YES_AGGRESSIVE;
				CLANG_CXX_LANGUAGE_STANDARD = "gnu++17";
				CLANG_CXX_LIBRARY = "libc++";
				CLANG_ENABLE_MODULES = YES;
				CLANG_ENABLE_OBJC_ARC = YES;
				CLANG_ENABLE_OBJC_WEAK = YES;
				CLANG_WARN_BLOCK_CAPTURE_AUTORELEASING = YES;
				CLANG_WARN_BOOL_CONVERSION = YES;
				CLANG_WARN_COMMA = YES;
				CLANG_WARN_CONSTANT_CONVERSION = YES;
				CLANG_WARN_DEPRECATED_OBJC_IMPLEMENTATIONS = YES;
				CLANG_WARN_DIRECT_OBJC_ISA_USAGE = YES_ERROR;
				CLANG_WARN_DOCUMENTATION_COMMENTS = YES;
				CLANG_WARN_EMPTY_BODY = YES;
				CLANG_WARN_ENUM_CONVERSION = YES;
				CLANG_WARN_INFINITE_RECURSION = YES;
				CLANG_WARN_INT_CONVERSION = YES;
				CLANG_WARN_NON_LITERAL_NULL_CONVERSION = YES;
				CLANG_WARN_OBJC_IMPLICIT_RETAIN_SELF = YES;
				CLANG_WARN_OBJC_LITERAL_CONVERSION = YES;
				CLANG_WARN_OBJC_ROOT_CLASS = YES_ERROR;
				CLANG_WARN_QUOTED_INCLUDE_IN_FRAMEWORK_HEADER = YES;
				CLANG_WARN_RANGE_LOOP_ANALYSIS = YES;
				CLANG_WARN_STRICT_PROTOTYPES = YES;
				CLANG_WARN_SUSPICIOUS_MOVE = YES;
				CLANG_WARN_UNGUARDED_AVAILABILITY = YES_AGGRESSIVE;
				CLANG_WARN_UNREACHABLE_CODE = YES;
				CLANG_WARN__DUPLICATE_METHOD_MATCH = YES;
				COPY_PHASE_STRIP = NO;
				DEBUG_INFORMATION_FORMAT = dwarf;
				ENABLE_STRICT_OBJC_MSGSEND = YES;
				ENABLE_TESTABILITY = YES;
				GCC_C_LANGUAGE_STANDARD = gnu11;
				GCC_DYNAMIC_NO_PIC = NO;
				GCC_NO_COMMON_BLOCKS = YES;
				GCC_OPTIMIZATION_LEVEL = 0;
				GCC_PREPROCESSOR_DEFINITIONS = (
					"DEBUG=1",
					"$(inherited)",
				);
				GCC_WARN_64_TO_32_BIT_CONVERSION = YES;
				GCC_WARN_ABOUT_RETURN_TYPE = YES_ERROR;
				GCC_WARN_UNDECLARED_SELECTOR = YES;
				GCC_WARN_UNINITIALIZED_AUTOS = YES_AGGRESSIVE;
				GCC_WARN_UNUSED_FUNCTION = YES;
				GCC_WARN_UNUSED_VARIABLE = YES;
				IPHONEOS_DEPLOYMENT_TARGET = 15.0;
				MTL_ENABLE_DEBUG_INFO = INCLUDE_SOURCE;
				MTL_FAST_MATH = YES;
				ONLY_ACTIVE_ARCH = YES;
				SDKROOT = iphoneos;
				SWIFT_ACTIVE_COMPILATION_CONDITIONS = DEBUG;
				SWIFT_OPTIMIZATION_LEVEL = "-Onone";
			};
			name = Debug;
		};
		69C066FD2732C09300ADBEBD /* Release */ = {
			isa = XCBuildConfiguration;
			buildSettings = {
				ALWAYS_SEARCH_USER_PATHS = NO;
				CLANG_ANALYZER_NONNULL = YES;
				CLANG_ANALYZER_NUMBER_OBJECT_CONVERSION = YES_AGGRESSIVE;
				CLANG_CXX_LANGUAGE_STANDARD = "gnu++17";
				CLANG_CXX_LIBRARY = "libc++";
				CLANG_ENABLE_MODULES = YES;
				CLANG_ENABLE_OBJC_ARC = YES;
				CLANG_ENABLE_OBJC_WEAK = YES;
				CLANG_WARN_BLOCK_CAPTURE_AUTORELEASING = YES;
				CLANG_WARN_BOOL_CONVERSION = YES;
				CLANG_WARN_COMMA = YES;
				CLANG_WARN_CONSTANT_CONVERSION = YES;
				CLANG_WARN_DEPRECATED_OBJC_IMPLEMENTATIONS = YES;
				CLANG_WARN_DIRECT_OBJC_ISA_USAGE = YES_ERROR;
				CLANG_WARN_DOCUMENTATION_COMMENTS = YES;
				CLANG_WARN_EMPTY_BODY = YES;
				CLANG_WARN_ENUM_CONVERSION = YES;
				CLANG_WARN_INFINITE_RECURSION = YES;
				CLANG_WARN_INT_CONVERSION = YES;
				CLANG_WARN_NON_LITERAL_NULL_CONVERSION = YES;
				CLANG_WARN_OBJC_IMPLICIT_RETAIN_SELF = YES;
				CLANG_WARN_OBJC_LITERAL_CONVERSION = YES;
				CLANG_WARN_OBJC_ROOT_CLASS = YES_ERROR;
				CLANG_WARN_QUOTED_INCLUDE_IN_FRAMEWORK_HEADER = YES;
				CLANG_WARN_RANGE_LOOP_ANALYSIS = YES;
				CLANG_WARN_STRICT_PROTOTYPES = YES;
				CLANG_WARN_SUSPICIOUS_MOVE = YES;
				CLANG_WARN_UNGUARDED_AVAILABILITY = YES_AGGRESSIVE;
				CLANG_WARN_UNREACHABLE_CODE = YES;
				CLANG_WARN__DUPLICATE_METHOD_MATCH = YES;
				COPY_PHASE_STRIP = NO;
				DEBUG_INFORMATION_FORMAT = "dwarf-with-dsym";
				ENABLE_NS_ASSERTIONS = NO;
				ENABLE_STRICT_OBJC_MSGSEND = YES;
				GCC_C_LANGUAGE_STANDARD = gnu11;
				GCC_NO_COMMON_BLOCKS = YES;
				GCC_WARN_64_TO_32_BIT_CONVERSION = YES;
				GCC_WARN_ABOUT_RETURN_TYPE = YES_ERROR;
				GCC_WARN_UNDECLARED_SELECTOR = YES;
				GCC_WARN_UNINITIALIZED_AUTOS = YES_AGGRESSIVE;
				GCC_WARN_UNUSED_FUNCTION = YES;
				GCC_WARN_UNUSED_VARIABLE = YES;
				IPHONEOS_DEPLOYMENT_TARGET = 15.0;
				MTL_ENABLE_DEBUG_INFO = NO;
				MTL_FAST_MATH = YES;
				SDKROOT = iphoneos;
				SWIFT_COMPILATION_MODE = wholemodule;
				SWIFT_OPTIMIZATION_LEVEL = "-O";
				VALIDATE_PRODUCT = YES;
			};
			name = Release;
		};
		69C066FF2732C09300ADBEBD /* Debug */ = {
			isa = XCBuildConfiguration;
			buildSettings = {
				ASSETCATALOG_COMPILER_APPICON_NAME = AppIcon;
				ASSETCATALOG_COMPILER_GLOBAL_ACCENT_COLOR_NAME = AccentColor;
				CODE_SIGN_STYLE = Automatic;
				CURRENT_PROJECT_VERSION = 1;
				DEVELOPMENT_TEAM = 39AJ27VU38;
				GENERATE_INFOPLIST_FILE = YES;
				INFOPLIST_FILE = Elephant/Info.plist;
				INFOPLIST_KEY_UIApplicationSupportsIndirectInputEvents = YES;
				INFOPLIST_KEY_UILaunchStoryboardName = LaunchScreen;
				INFOPLIST_KEY_UISupportedInterfaceOrientations_iPad = "UIInterfaceOrientationPortrait UIInterfaceOrientationPortraitUpsideDown UIInterfaceOrientationLandscapeLeft UIInterfaceOrientationLandscapeRight";
				INFOPLIST_KEY_UISupportedInterfaceOrientations_iPhone = "UIInterfaceOrientationPortrait UIInterfaceOrientationLandscapeLeft UIInterfaceOrientationLandscapeRight";
				LD_RUNPATH_SEARCH_PATHS = (
					"$(inherited)",
					"@executable_path/Frameworks",
				);
				MARKETING_VERSION = 1.0;
				PRODUCT_BUNDLE_IDENTIFIER = com.elisakalil.Elephant;
				PRODUCT_NAME = "$(TARGET_NAME)";
				SWIFT_EMIT_LOC_STRINGS = YES;
				SWIFT_VERSION = 5.0;
				TARGETED_DEVICE_FAMILY = 1;
			};
			name = Debug;
		};
		69C067002732C09300ADBEBD /* Release */ = {
			isa = XCBuildConfiguration;
			buildSettings = {
				ASSETCATALOG_COMPILER_APPICON_NAME = AppIcon;
				ASSETCATALOG_COMPILER_GLOBAL_ACCENT_COLOR_NAME = AccentColor;
				CODE_SIGN_STYLE = Automatic;
				CURRENT_PROJECT_VERSION = 1;
				DEVELOPMENT_TEAM = 39AJ27VU38;
				GENERATE_INFOPLIST_FILE = YES;
				INFOPLIST_FILE = Elephant/Info.plist;
				INFOPLIST_KEY_UIApplicationSupportsIndirectInputEvents = YES;
				INFOPLIST_KEY_UILaunchStoryboardName = LaunchScreen;
				INFOPLIST_KEY_UISupportedInterfaceOrientations_iPad = "UIInterfaceOrientationPortrait UIInterfaceOrientationPortraitUpsideDown UIInterfaceOrientationLandscapeLeft UIInterfaceOrientationLandscapeRight";
				INFOPLIST_KEY_UISupportedInterfaceOrientations_iPhone = "UIInterfaceOrientationPortrait UIInterfaceOrientationLandscapeLeft UIInterfaceOrientationLandscapeRight";
				LD_RUNPATH_SEARCH_PATHS = (
					"$(inherited)",
					"@executable_path/Frameworks",
				);
				MARKETING_VERSION = 1.0;
				PRODUCT_BUNDLE_IDENTIFIER = com.elisakalil.Elephant;
				PRODUCT_NAME = "$(TARGET_NAME)";
				SWIFT_EMIT_LOC_STRINGS = YES;
				SWIFT_VERSION = 5.0;
				TARGETED_DEVICE_FAMILY = 1;
			};
			name = Release;
		};
		69C067022732C09300ADBEBD /* Debug */ = {
			isa = XCBuildConfiguration;
			buildSettings = {
				ALWAYS_EMBED_SWIFT_STANDARD_LIBRARIES = YES;
				BUNDLE_LOADER = "$(TEST_HOST)";
				CODE_SIGN_STYLE = Automatic;
				CURRENT_PROJECT_VERSION = 1;
				DEVELOPMENT_TEAM = 39AJ27VU38;
				GENERATE_INFOPLIST_FILE = YES;
				IPHONEOS_DEPLOYMENT_TARGET = 15.0;
				LD_RUNPATH_SEARCH_PATHS = (
					"$(inherited)",
					"@executable_path/Frameworks",
					"@loader_path/Frameworks",
				);
				MARKETING_VERSION = 1.0;
				PRODUCT_BUNDLE_IDENTIFIER = com.elisakalil.ElephantTests;
				PRODUCT_NAME = "$(TARGET_NAME)";
				SWIFT_EMIT_LOC_STRINGS = NO;
				SWIFT_VERSION = 5.0;
				TARGETED_DEVICE_FAMILY = "1,2";
				TEST_HOST = "$(BUILT_PRODUCTS_DIR)/Elephant.app/Elephant";
			};
			name = Debug;
		};
		69C067032732C09300ADBEBD /* Release */ = {
			isa = XCBuildConfiguration;
			buildSettings = {
				ALWAYS_EMBED_SWIFT_STANDARD_LIBRARIES = YES;
				BUNDLE_LOADER = "$(TEST_HOST)";
				CODE_SIGN_STYLE = Automatic;
				CURRENT_PROJECT_VERSION = 1;
				DEVELOPMENT_TEAM = 39AJ27VU38;
				GENERATE_INFOPLIST_FILE = YES;
				IPHONEOS_DEPLOYMENT_TARGET = 15.0;
				LD_RUNPATH_SEARCH_PATHS = (
					"$(inherited)",
					"@executable_path/Frameworks",
					"@loader_path/Frameworks",
				);
				MARKETING_VERSION = 1.0;
				PRODUCT_BUNDLE_IDENTIFIER = com.elisakalil.ElephantTests;
				PRODUCT_NAME = "$(TARGET_NAME)";
				SWIFT_EMIT_LOC_STRINGS = NO;
				SWIFT_VERSION = 5.0;
				TARGETED_DEVICE_FAMILY = "1,2";
				TEST_HOST = "$(BUILT_PRODUCTS_DIR)/Elephant.app/Elephant";
			};
			name = Release;
		};
		69C067052732C09300ADBEBD /* Debug */ = {
			isa = XCBuildConfiguration;
			buildSettings = {
				ALWAYS_EMBED_SWIFT_STANDARD_LIBRARIES = YES;
				CODE_SIGN_STYLE = Automatic;
				CURRENT_PROJECT_VERSION = 1;
				DEVELOPMENT_TEAM = 39AJ27VU38;
				GENERATE_INFOPLIST_FILE = YES;
				LD_RUNPATH_SEARCH_PATHS = (
					"$(inherited)",
					"@executable_path/Frameworks",
					"@loader_path/Frameworks",
				);
				MARKETING_VERSION = 1.0;
				PRODUCT_BUNDLE_IDENTIFIER = com.elisakalil.ElephantUITests;
				PRODUCT_NAME = "$(TARGET_NAME)";
				SWIFT_EMIT_LOC_STRINGS = NO;
				SWIFT_VERSION = 5.0;
				TARGETED_DEVICE_FAMILY = "1,2";
				TEST_TARGET_NAME = Elephant;
			};
			name = Debug;
		};
		69C067062732C09300ADBEBD /* Release */ = {
			isa = XCBuildConfiguration;
			buildSettings = {
				ALWAYS_EMBED_SWIFT_STANDARD_LIBRARIES = YES;
				CODE_SIGN_STYLE = Automatic;
				CURRENT_PROJECT_VERSION = 1;
				DEVELOPMENT_TEAM = 39AJ27VU38;
				GENERATE_INFOPLIST_FILE = YES;
				LD_RUNPATH_SEARCH_PATHS = (
					"$(inherited)",
					"@executable_path/Frameworks",
					"@loader_path/Frameworks",
				);
				MARKETING_VERSION = 1.0;
				PRODUCT_BUNDLE_IDENTIFIER = com.elisakalil.ElephantUITests;
				PRODUCT_NAME = "$(TARGET_NAME)";
				SWIFT_EMIT_LOC_STRINGS = NO;
				SWIFT_VERSION = 5.0;
				TARGETED_DEVICE_FAMILY = "1,2";
				TEST_TARGET_NAME = Elephant;
			};
			name = Release;
		};
/* End XCBuildConfiguration section */

/* Begin XCConfigurationList section */
		69C066CC2732C08E00ADBEBD /* Build configuration list for PBXProject "Elephant" */ = {
			isa = XCConfigurationList;
			buildConfigurations = (
				69C066FC2732C09300ADBEBD /* Debug */,
				69C066FD2732C09300ADBEBD /* Release */,
			);
			defaultConfigurationIsVisible = 0;
			defaultConfigurationName = Release;
		};
		69C066FE2732C09300ADBEBD /* Build configuration list for PBXNativeTarget "Elephant" */ = {
			isa = XCConfigurationList;
			buildConfigurations = (
				69C066FF2732C09300ADBEBD /* Debug */,
				69C067002732C09300ADBEBD /* Release */,
			);
			defaultConfigurationIsVisible = 0;
			defaultConfigurationName = Release;
		};
		69C067012732C09300ADBEBD /* Build configuration list for PBXNativeTarget "ElephantTests" */ = {
			isa = XCConfigurationList;
			buildConfigurations = (
				69C067022732C09300ADBEBD /* Debug */,
				69C067032732C09300ADBEBD /* Release */,
			);
			defaultConfigurationIsVisible = 0;
			defaultConfigurationName = Release;
		};
		69C067042732C09300ADBEBD /* Build configuration list for PBXNativeTarget "ElephantUITests" */ = {
			isa = XCConfigurationList;
			buildConfigurations = (
				69C067052732C09300ADBEBD /* Debug */,
				69C067062732C09300ADBEBD /* Release */,
			);
			defaultConfigurationIsVisible = 0;
			defaultConfigurationName = Release;
		};
/* End XCConfigurationList section */

/* Begin XCVersionGroup section */
		69C066DD2732C08E00ADBEBD /* Elephant.xcdatamodeld */ = {
			isa = XCVersionGroup;
			children = (
				69C066DE2732C08E00ADBEBD /* Elephant.xcdatamodel */,
			);
			currentVersion = 69C066DE2732C08E00ADBEBD /* Elephant.xcdatamodel */;
			path = Elephant.xcdatamodeld;
			sourceTree = "<group>";
			versionGroupType = wrapper.xcdatamodel;
		};
/* End XCVersionGroup section */
	};
	rootObject = 69C066C92732C08E00ADBEBD /* Project object */;
}
